
Microsoft Visual Studio Solution File, Format Version 12.00
# Visual Studio Version 16
VisualStudioVersion = 16.0.33214.272
MinimumVisualStudioVersion = 10.0.40219.1
Project("{FAE04EC0-301F-11D3-BF4B-00C04F79EFBC}") = "TechPraktZavdanna", "TechPraktZavdanna\TechPraktZavdanna.csproj", "{CF790EC6-1B11-468C-AA91-14F74F86C75C}"
EndProject
Global
	GlobalSection(SolutionConfigurationPlatforms) = preSolution
		Debug|Any CPU = Debug|Any CPU
		Release|Any CPU = Release|Any CPU
	EndGlobalSection
	GlobalSection(ProjectConfigurationPlatforms) = postSolution
		{CF790EC6-1B11-468C-AA91-14F74F86C75C}.Debug|Any CPU.ActiveCfg = Debug|Any CPU
		{CF790EC6-1B11-468C-AA91-14F74F86C75C}.Debug|Any CPU.Build.0 = Debug|Any CPU
		{CF790EC6-1B11-468C-AA91-14F74F86C75C}.Release|Any CPU.ActiveCfg = Release|Any CPU
		{CF790EC6-1B11-468C-AA91-14F74F86C75C}.Release|Any CPU.Build.0 = Release|Any CPU
	EndGlobalSection
	GlobalSection(SolutionProperties) = preSolution
		HideSolutionNode = FALSE
	EndGlobalSection
	GlobalSection(ExtensibilityGlobals) = postSolution
		SolutionGuid = {041E5698-A57E-4989-BA53-02A1B2C61C75}
	EndGlobalSection
EndGlobal
